{
  "name": "demoextension",
  "lockfileVersion": 3,
  "requires": true,
  "packages": {
    "": {
      "dependencies": {
        "@datadog/browser-rum": "^6.24.1"
      }
    },
    "node_modules/@datadog/browser-core": {
      "version": "6.24.1",
      "resolved": "https://registry.npmjs.org/@datadog/browser-core/-/browser-core-6.24.1.tgz",
      "integrity": "sha512-ViLqvvCrZtKRCrSCcrZmSbc4Th7Y0rUQ7PruP1KGNgmE2fY4rrRP/n77zXuF8y/bmBce0na8kCdoCUkKzl/xuQ==",
      "license": "Apache-2.0"
    },
    "node_modules/@datadog/browser-rum": {
      "version": "6.24.1",
      "resolved": "https://registry.npmjs.org/@datadog/browser-rum/-/browser-rum-6.24.1.tgz",
      "integrity": "sha512-PKLCcyOtRROVGp5nagkxBNotP+VmMmBDYHR/C1uNM5ibU3R6AR5EFc6XAAKuWI/6lfcxJx0MeXUM0pdNNs2yMg==",
      "license": "Apache-2.0",
      "dependencies": {
        "@datadog/browser-core": "6.24.1",
        "@datadog/browser-rum-core": "6.24.1"
      },
      "peerDependencies": {
        "@datadog/browser-logs": "6.24.1"
      },
      "peerDependenciesMeta": {
        "@datadog/browser-logs": {
          "optional": true
        }
      }
    },
    "node_modules/@datadog/browser-rum-core": {
      "version": "6.24.1",
      "resolved": "https://registry.npmjs.org/@datadog/browser-rum-core/-/browser-rum-core-6.24.1.tgz",
      "integrity": "sha512-wBc67Zseh/KvFVhDjM54w6Zm6fkTYnsfhMeVZIDlCYZ0s9T73CVIQtEF2GTp+PogRkQtFGffWGZDaW/xppUV8A==",
      "license": "Apache-2.0",
      "dependencies": {
        "@datadog/browser-core": "6.24.1"
      }
    }
  }
}
